// !$*UTF8*$!
{
	archiveVersion = 1;
	classes = {
	};
	objectVersion = 46;
	objects = {

/* Begin PBXBuildFile section */
		E94B083E1C7EC0F5003730F5 /* AppDelegate.swift in Sources */ = {isa = PBXBuildFile; fileRef = E94B083D1C7EC0F5003730F5 /* AppDelegate.swift */; };
		E94B08401C7EC0F5003730F5 /* ViewController.swift in Sources */ = {isa = PBXBuildFile; fileRef = E94B083F1C7EC0F5003730F5 /* ViewController.swift */; };
		E94B08431C7EC0F5003730F5 /* Main.storyboard in Resources */ = {isa = PBXBuildFile; fileRef = E94B08411C7EC0F5003730F5 /* Main.storyboard */; };
		E94B08451C7EC0F5003730F5 /* Assets.xcassets in Resources */ = {isa = PBXBuildFile; fileRef = E94B08441C7EC0F5003730F5 /* Assets.xcassets */; };
		E94B08481C7EC0F5003730F5 /* LaunchScreen.storyboard in Resources */ = {isa = PBXBuildFile; fileRef = E94B08461C7EC0F5003730F5 /* LaunchScreen.storyboard */; };
		E94B08531C7EC0F5003730F5 /* LoginTemplateSampleTests.swift in Sources */ = {isa = PBXBuildFile; fileRef = E94B08521C7EC0F5003730F5 /* LoginTemplateSampleTests.swift */; };
/* End PBXBuildFile section */

/* Begin PBXContainerItemProxy section */
		E94B084F1C7EC0F5003730F5 /* PBXContainerItemProxy */ = {
			isa = PBXContainerItemProxy;
			containerPortal = E94B08321C7EC0F5003730F5 /* Project object */;
			proxyType = 1;
			remoteGlobalIDString = E94B08391C7EC0F5003730F5;
			remoteInfo = LoginTemplateSample;
		};
/* End PBXContainerItemProxy section */

/* Begin PBXFileReference section */
		E94B083A1C7EC0F5003730F5 /* LoginTemplateSample.app */ = {isa = PBXFileReference; explicitFileType = wrapper.application; includeInIndex = 0; path = LoginTemplateSample.app; sourceTree = BUILT_PRODUCTS_DIR; };
		E94B083D1C7EC0F5003730F5 /* AppDelegate.swift */ = {isa = PBXFileReference; lastKnownFileType = sourcecode.swift; path = AppDelegate.swift; sourceTree = "<group>"; };
		E94B083F1C7EC0F5003730F5 /* ViewController.swift */ = {isa = PBXFileReference; lastKnownFileType = sourcecode.swift; path = ViewController.swift; sourceTree = "<group>"; };
		E94B08421C7EC0F5003730F5 /* Base */ = {isa = PBXFileReference; lastKnownFileType = file.storyboard; name = Base; path = Base.lproj/Main.storyboard; sourceTree = "<group>"; };
		E94B08441C7EC0F5003730F5 /* Assets.xcassets */ = {isa = PBXFileReference; lastKnownFileType = folder.assetcatalog; path = Assets.xcassets; sourceTree = "<group>"; };
		E94B08471C7EC0F5003730F5 /* Base */ = {isa = PBXFileReference; lastKnownFileType = file.storyboard; name = Base; path = Base.lproj/LaunchScreen.storyboard; sourceTree = "<group>"; };
		E94B08491C7EC0F5003730F5 /* Info.plist */ = {isa = PBXFileReference; lastKnownFileType = text.plist.xml; path = Info.plist; sourceTree = "<group>"; };
		E94B084E1C7EC0F5003730F5 /* LoginTemplateSampleTests.xctest */ = {isa = PBXFileReference; explicitFileType = wrapper.cfbundle; includeInIndex = 0; path = LoginTemplateSampleTests.xctest; sourceTree = BUILT_PRODUCTS_DIR; };
		E94B08521C7EC0F5003730F5 /* LoginTemplateSampleTests.swift */ = {isa = PBXFileReference; lastKnownFileType = sourcecode.swift; path = LoginTemplateSampleTests.swift; sourceTree = "<group>"; };
		E94B08541C7EC0F5003730F5 /* Info.plist */ = {isa = PBXFileReference; lastKnownFileType = text.plist.xml; path = Info.plist; sourceTree = "<group>"; };
/* End PBXFileReference section */

/* Begin PBXFrameworksBuildPhase section */
		E94B08371C7EC0F5003730F5 /* Frameworks */ = {
			isa = PBXFrameworksBuildPhase;
			buildActionMask = 2147483647;
			files = (
			);
			runOnlyForDeploymentPostprocessing = 0;
		};
		E94B084B1C7EC0F5003730F5 /* Frameworks */ = {
			isa = PBXFrameworksBuildPhase;
			buildActionMask = 2147483647;
			files = (
			);
			runOnlyForDeploymentPostprocessing = 0;
		};
/* End PBXFrameworksBuildPhase section */

/* Begin PBXGroup section */
		E94B08311C7EC0F5003730F5 = {
			isa = PBXGroup;
			children = (
				E94B083C1C7EC0F5003730F5 /* LoginTemplateSample */,
				E94B08511C7EC0F5003730F5 /* LoginTemplateSampleTests */,
				E94B083B1C7EC0F5003730F5 /* Products */,
			);
			sourceTree = "<group>";
		};
		E94B083B1C7EC0F5003730F5 /* Products */ = {
			isa = PBXGroup;
			children = (
				E94B083A1C7EC0F5003730F5 /* LoginTemplateSample.app */,
				E94B084E1C7EC0F5003730F5 /* LoginTemplateSampleTests.xctest */,
			);
			name = Products;
			sourceTree = "<group>";
		};
		E94B083C1C7EC0F5003730F5 /* LoginTemplateSample */ = {
			isa = PBXGroup;
			children = (
				E94B083D1C7EC0F5003730F5 /* AppDelegate.swift */,
				E94B083F1C7EC0F5003730F5 /* ViewController.swift */,
				E94B08411C7EC0F5003730F5 /* Main.storyboard */,
				E94B08441C7EC0F5003730F5 /* Assets.xcassets */,
				E94B08461C7EC0F5003730F5 /* LaunchScreen.storyboard */,
				E94B08491C7EC0F5003730F5 /* Info.plist */,
			);
			path = LoginTemplateSample;
			sourceTree = "<group>";
		};
		E94B08511C7EC0F5003730F5 /* LoginTemplateSampleTests */ = {
			isa = PBXGroup;
			children = (
				E94B08521C7EC0F5003730F5 /* LoginTemplateSampleTests.swift */,
				E94B08541C7EC0F5003730F5 /* Info.plist */,
			);
			path = LoginTemplateSampleTests;
			sourceTree = "<group>";
		};
/* End PBXGroup section */

/* Begin PBXNativeTarget section */
		E94B08391C7EC0F5003730F5 /* LoginTemplateSample */ = {
			isa = PBXNativeTarget;
			buildConfigurationList = E94B08571C7EC0F5003730F5 /* Build configuration list for PBXNativeTarget "LoginTemplateSample" */;
			buildPhases = (
				E94B08361C7EC0F5003730F5 /* Sources */,
				E94B08371C7EC0F5003730F5 /* Frameworks */,
				E94B08381C7EC0F5003730F5 /* Resources */,
			);
			buildRules = (
			);
			dependencies = (
			);
			name = LoginTemplateSample;
			productName = LoginTemplateSample;
			productReference = E94B083A1C7EC0F5003730F5 /* LoginTemplateSample.app */;
			productType = "com.apple.product-type.application";
		};
		E94B084D1C7EC0F5003730F5 /* LoginTemplateSampleTests */ = {
			isa = PBXNativeTarget;
			buildConfigurationList = E94B085A1C7EC0F5003730F5 /* Build configuration list for PBXNativeTarget "LoginTemplateSampleTests" */;
			buildPhases = (
				E94B084A1C7EC0F5003730F5 /* Sources */,
				E94B084B1C7EC0F5003730F5 /* Frameworks */,
				E94B084C1C7EC0F5003730F5 /* Resources */,
			);
			buildRules = (
			);
			dependencies = (
				E94B08501C7EC0F5003730F5 /* PBXTargetDependency */,
			);
			name = LoginTemplateSampleTests;
			productName = LoginTemplateSampleTests;
			productReference = E94B084E1C7EC0F5003730F5 /* LoginTemplateSampleTests.xctest */;
			productType = "com.apple.product-type.bundle.unit-test";
		};
/* End PBXNativeTarget section */

/* Begin PBXProject section */
		E94B08321C7EC0F5003730F5 /* Project object */ = {
			isa = PBXProject;
			attributes = {
				LastSwiftUpdateCheck = 0720;
				LastUpgradeCheck = 0720;
				ORGANIZATIONNAME = Thomas;
				TargetAttributes = {
					E94B08391C7EC0F5003730F5 = {
						CreatedOnToolsVersion = 7.2.1;
					};
					E94B084D1C7EC0F5003730F5 = {
						CreatedOnToolsVersion = 7.2.1;
						TestTargetID = E94B08391C7EC0F5003730F5;
					};
				};
			};
			buildConfigurationList = E94B08351C7EC0F5003730F5 /* Build configuration list for PBXProject "LoginTemplateSample" */;
			compatibilityVersion = "Xcode 3.2";
			developmentRegion = English;
			hasScannedForEncodings = 0;
			knownRegions = (
				en,
				Base,
			);
			mainGroup = E94B08311C7EC0F5003730F5;
			productRefGroup = E94B083B1C7EC0F5003730F5 /* Products */;
			projectDirPath = "";
			projectRoot = "";
			targets = (
				E94B08391C7EC0F5003730F5 /* LoginTemplateSample */,
				E94B084D1C7EC0F5003730F5 /* LoginTemplateSampleTests */,
			);
		};
/* End PBXProject section */

/* Begin PBXResourcesBuildPhase section */
		E94B08381C7EC0F5003730F5 /* Resources */ = {
			isa = PBXResourcesBuildPhase;
			buildActionMask = 2147483647;
			files = (
				E94B08481C7EC0F5003730F5 /* LaunchScreen.storyboard in Resources */,
				E94B08451C7EC0F5003730F5 /* Assets.xcassets in Resources */,
				E94B08431C7EC0F5003730F5 /* Main.storyboard in Resources */,
			);
			runOnlyForDeploymentPostprocessing = 0;
		};
		E94B084C1C7EC0F5003730F5 /* Resources */ = {
			isa = PBXResourcesBuildPhase;
			buildActionMask = 2147483647;
			files = (
			);
			runOnlyForDeploymentPostprocessing = 0;
		};
/* End PBXResourcesBuildPhase section */

/* Begin PBXSourcesBuildPhase section */
		E94B08361C7EC0F5003730F5 /* Sources */ = {
			isa = PBXSourcesBuildPhase;
			buildActionMask = 2147483647;
			files = (
				E94B08401C7EC0F5003730F5 /* ViewController.swift in Sources */,
				E94B083E1C7EC0F5003730F5 /* AppDelegate.swift in Sources */,
			);
			runOnlyForDeploymentPostprocessing = 0;
		};
		E94B084A1C7EC0F5003730F5 /* Sources */ = {
			isa = PBXSourcesBuildPhase;
			buildActionMask = 2147483647;
			files = (
				E94B08531C7EC0F5003730F5 /* LoginTemplateSampleTests.swift in Sources */,
			);
			runOnlyForDeploymentPostprocessing = 0;
		};
/* End PBXSourcesBuildPhase section */

/* Begin PBXTargetDependency section */
		E94B08501C7EC0F5003730F5 /* PBXTargetDependency */ = {
			isa = PBXTargetDependency;
			target = E94B08391C7EC0F5003730F5 /* LoginTemplateSample */;
			targetProxy = E94B084F1C7EC0F5003730F5 /* PBXContainerItemProxy */;
		};
/* End PBXTargetDependency section */

/* Begin PBXVariantGroup section */
		E94B08411C7EC0F5003730F5 /* Main.storyboard */ = {
			isa = PBXVariantGroup;
			children = (
				E94B08421C7EC0F5003730F5 /* Base */,
			);
			name = Main.storyboard;
			sourceTree = "<group>";
		};
		E94B08461C7EC0F5003730F5 /* LaunchScreen.storyboard */ = {
			isa = PBXVariantGroup;
			children = (
				E94B08471C7EC0F5003730F5 /* Base */,
			);
			name = LaunchScreen.storyboard;
			sourceTree = "<group>";
		};
/* End PBXVariantGroup section */

/* Begin XCBuildConfiguration section */
		E94B08551C7EC0F5003730F5 /* Debug */ = {
			isa = XCBuildConfiguration;
			buildSettings = {
				ALWAYS_SEARCH_USER_PATHS = NO;
				CLANG_CXX_LANGUAGE_STANDARD = "gnu++0x";
				CLANG_CXX_LIBRARY = "libc++";
				CLANG_ENABLE_MODULES = YES;
				CLANG_ENABLE_OBJC_ARC = YES;
				CLANG_WARN_BOOL_CONVERSION = YES;
				CLANG_WARN_CONSTANT_CONVERSION = YES;
				CLANG_WARN_DIRECT_OBJC_ISA_USAGE = YES_ERROR;
				CLANG_WARN_EMPTY_BODY = YES;
				CLANG_WARN_ENUM_CONVERSION = YES;
				CLANG_WARN_INT_CONVERSION = YES;
				CLANG_WARN_OBJC_ROOT_CLASS = YES_ERROR;
				CLANG_WARN_UNREACHABLE_CODE = YES;
				CLANG_WARN__DUPLICATE_METHOD_MATCH = YES;
				"CODE_SIGN_IDENTITY[sdk=iphoneos*]" = "iPhone Developer";
				COPY_PHASE_STRIP = NO;
				DEBUG_INFORMATION_FORMAT = dwarf;
				ENABLE_STRICT_OBJC_MSGSEND = YES;
				ENABLE_TESTABILITY = YES;
				GCC_C_LANGUAGE_STANDARD = gnu99;
				GCC_DYNAMIC_NO_PIC = NO;
				GCC_NO_COMMON_BLOCKS = YES;
				GCC_OPTIMIZATION_LEVEL = 0;
				GCC_PREPROCESSOR_DEFINITIONS = (
					"DEBUG=1",
					"$(inherited)",
				);
				GCC_WARN_64_TO_32_BIT_CONVERSION = YES;
				GCC_WARN_ABOUT_RETURN_TYPE = YES_ERROR;
				GCC_WARN_UNDECLARED_SELECTOR = YES;
				GCC_WARN_UNINITIALIZED_AUTOS = YES_AGGRESSIVE;
				GCC_WARN_UNUSED_FUNCTION = YES;
				GCC_WARN_UNUSED_VARIABLE = YES;
				IPHONEOS_DEPLOYMENT_TARGET = 9.2;
				MTL_ENABLE_DEBUG_INFO = YES;
				ONLY_ACTIVE_ARCH = YES;
				SDKROOT = iphoneos;
				SWIFT_OPTIMIZATION_LEVEL = "-Onone";
				TARGETED_DEVICE_FAMILY = "1,2";
			};
			name = Debug;
		};
		E94B08561C7EC0F5003730F5 /* Release */ = {
			isa = XCBuildConfiguration;
			buildSettings = {
				ALWAYS_SEARCH_USER_PATHS = NO;
				CLANG_CXX_LANGUAGE_STANDARD = "gnu++0x";
				CLANG_CXX_LIBRARY = "libc++";
				CLANG_ENABLE_MODULES = YES;
				CLANG_ENABLE_OBJC_ARC = YES;
				CLANG_WARN_BOOL_CONVERSION = YES;
				CLANG_WARN_CONSTANT_CONVERSION = YES;
				CLANG_WARN_DIRECT_OBJC_ISA_USAGE = YES_ERROR;
				CLANG_WARN_EMPTY_BODY = YES;
				CLANG_WARN_ENUM_CONVERSION = YES;
				CLANG_WARN_INT_CONVERSION = YES;
				CLANG_WARN_OBJC_ROOT_CLASS = YES_ERROR;
				CLANG_WARN_UNREACHABLE_CODE = YES;
				CLANG_WARN__DUPLICATE_METHOD_MATCH = YES;
				"CODE_SIGN_IDENTITY[sdk=iphoneos*]" = "iPhone Developer";
				COPY_PHASE_STRIP = NO;
				DEBUG_INFORMATION_FORMAT = "dwarf-with-dsym";
				ENABLE_NS_ASSERTIONS = NO;
				ENABLE_STRICT_OBJC_MSGSEND = YES;
				GCC_C_LANGUAGE_STANDARD = gnu99;
				GCC_NO_COMMON_BLOCKS = YES;
				GCC_WARN_64_TO_32_BIT_CONVERSION = YES;
				GCC_WARN_ABOUT_RETURN_TYPE = YES_ERROR;
				GCC_WARN_UNDECLARED_SELECTOR = YES;
				GCC_WARN_UNINITIALIZED_AUTOS = YES_AGGRESSIVE;
				GCC_WARN_UNUSED_FUNCTION = YES;
				GCC_WARN_UNUSED_VARIABLE = YES;
				IPHONEOS_DEPLOYMENT_TARGET = 9.2;
				MTL_ENABLE_DEBUG_INFO = NO;
				SDKROOT = iphoneos;
				TARGETED_DEVICE_FAMILY = "1,2";
				VALIDATE_PRODUCT = YES;
			};
			name = Release;
		};
		E94B08581C7EC0F5003730F5 /* Debug */ = {
			isa = XCBuildConfiguration;
			buildSettings = {
				ASSETCATALOG_COMPILER_APPICON_NAME = AppIcon;
				INFOPLIST_FILE = LoginTemplateSample/Info.plist;
				LD_RUNPATH_SEARCH_PATHS = "$(inherited) @executable_path/Frameworks";
				PRODUCT_BUNDLE_IDENTIFIER = com.posteet.auth.LoginTemplateSample;
				PRODUCT_NAME = "$(TARGET_NAME)";
			};
			name = Debug;
		};
		E94B08591C7EC0F5003730F5 /* Release */ = {
			isa = XCBuildConfiguration;
			buildSettings = {
				ASSETCATALOG_COMPILER_APPICON_NAME = AppIcon;
				INFOPLIST_FILE = LoginTemplateSample/Info.plist;
				LD_RUNPATH_SEARCH_PATHS = "$(inherited) @executable_path/Frameworks";
				PRODUCT_BUNDLE_IDENTIFIER = com.posteet.auth.LoginTemplateSample;
				PRODUCT_NAME = "$(TARGET_NAME)";
			};
			name = Release;
		};
		E94B085B1C7EC0F5003730F5 /* Debug */ = {
			isa = XCBuildConfiguration;
			buildSettings = {
				BUNDLE_LOADER = "$(TEST_HOST)";
				INFOPLIST_FILE = LoginTemplateSampleTests/Info.plist;
				LD_RUNPATH_SEARCH_PATHS = "$(inherited) @executable_path/Frameworks @loader_path/Frameworks";
				PRODUCT_BUNDLE_IDENTIFIER = com.posteet.auth.LoginTemplateSampleTests;
				PRODUCT_NAME = "$(TARGET_NAME)";
				TEST_HOST = "$(BUILT_PRODUCTS_DIR)/LoginTemplateSample.app/LoginTemplateSample";
			};
			name = Debug;
		};
		E94B085C1C7EC0F5003730F5 /* Release */ = {
			isa = XCBuildConfiguration;
			buildSettings = {
				BUNDLE_LOADER = "$(TEST_HOST)";
				INFOPLIST_FILE = LoginTemplateSampleTests/Info.plist;
				LD_RUNPATH_SEARCH_PATHS = "$(inherited) @executable_path/Frameworks @loader_path/Frameworks";
				PRODUCT_BUNDLE_IDENTIFIER = com.posteet.auth.LoginTemplateSampleTests;
				PRODUCT_NAME = "$(TARGET_NAME)";
				TEST_HOST = "$(BUILT_PRODUCTS_DIR)/LoginTemplateSample.app/LoginTemplateSample";
			};
			name = Release;
		};
/* End XCBuildConfiguration section */

/* Begin XCConfigurationList section */
		E94B08351C7EC0F5003730F5 /* Build configuration list for PBXProject "LoginTemplateSample" */ = {
			isa = XCConfigurationList;
			buildConfigurations = (
				E94B08551C7EC0F5003730F5 /* Debug */,
				E94B08561C7EC0F5003730F5 /* Release */,
			);
			defaultConfigurationIsVisible = 0;
			defaultConfigurationName = Release;
		};
		E94B08571C7EC0F5003730F5 /* Build configuration list for PBXNativeTarget "LoginTemplateSample" */ = {
			isa = XCConfigurationList;
			buildConfigurations = (
				E94B08581C7EC0F5003730F5 /* Debug */,
				E94B08591C7EC0F5003730F5 /* Release */,
			);
			defaultConfigurationIsVisible = 0;
		};
		E94B085A1C7EC0F5003730F5 /* Build configuration list for PBXNativeTarget "LoginTemplateSampleTests" */ = {
			isa = XCConfigurationList;
			buildConfigurations = (
				E94B085B1C7EC0F5003730F5 /* Debug */,
				E94B085C1C7EC0F5003730F5 /* Release */,
			);
			defaultConfigurationIsVisible = 0;
		};
/* End XCConfigurationList section */
	};
	rootObject = E94B08321C7EC0F5003730F5 /* Project object */;
}
